
Microsoft Visual Studio Solution File, Format Version 12.00
# Visual Studio Version 16
VisualStudioVersion = 16.0.28803.202
MinimumVisualStudioVersion = 10.0.40219.1
Project("{9A19103F-16F7-4668-BE54-9A1E7A4F7556}") = "SIS.HTTP", "SIS.HTTP\SIS.HTTP.csproj", "{B92EB418-D219-4E96-A1F4-9830657F0B0D}"
EndProject
Project("{FAE04EC0-301F-11D3-BF4B-00C04F79EFBC}") = "SIS.WebServer", "SIS.WebServer\SIS.WebServer.csproj", "{5F915582-986B-4378-B0CC-D793BA1933CF}"
EndProject
Project("{FAE04EC0-301F-11D3-BF4B-00C04F79EFBC}") = "SIS.Demo", "Demo\SIS.Demo.csproj", "{53FA2478-0BC6-4040-9969-90F7F4FCC83B}"
EndProject
Global
	GlobalSection(SolutionConfigurationPlatforms) = preSolution
		Debug|Any CPU = Debug|Any CPU
		Release|Any CPU = Release|Any CPU
	EndGlobalSection
	GlobalSection(ProjectConfigurationPlatforms) = postSolution
		{B92EB418-D219-4E96-A1F4-9830657F0B0D}.Debug|Any CPU.ActiveCfg = Debug|Any CPU
		{B92EB418-D219-4E96-A1F4-9830657F0B0D}.Debug|Any CPU.Build.0 = Debug|Any CPU
		{B92EB418-D219-4E96-A1F4-9830657F0B0D}.Release|Any CPU.ActiveCfg = Release|Any CPU
		{B92EB418-D219-4E96-A1F4-9830657F0B0D}.Release|Any CPU.Build.0 = Release|Any CPU
		{5F915582-986B-4378-B0CC-D793BA1933CF}.Debug|Any CPU.ActiveCfg = Debug|Any CPU
		{5F915582-986B-4378-B0CC-D793BA1933CF}.Debug|Any CPU.Build.0 = Debug|Any CPU
		{5F915582-986B-4378-B0CC-D793BA1933CF}.Release|Any CPU.ActiveCfg = Release|Any CPU
		{5F915582-986B-4378-B0CC-D793BA1933CF}.Release|Any CPU.Build.0 = Release|Any CPU
		{53FA2478-0BC6-4040-9969-90F7F4FCC83B}.Debug|Any CPU.ActiveCfg = Debug|Any CPU
		{53FA2478-0BC6-4040-9969-90F7F4FCC83B}.Debug|Any CPU.Build.0 = Debug|Any CPU
		{53FA2478-0BC6-4040-9969-90F7F4FCC83B}.Release|Any CPU.ActiveCfg = Release|Any CPU
		{53FA2478-0BC6-4040-9969-90F7F4FCC83B}.Release|Any CPU.Build.0 = Release|Any CPU
	EndGlobalSection
	GlobalSection(SolutionProperties) = preSolution
		HideSolutionNode = FALSE
	EndGlobalSection
	GlobalSection(ExtensibilityGlobals) = postSolution
		SolutionGuid = {9938B085-10F2-4946-9475-C61CD4958F1D}
	EndGlobalSection
EndGlobal
